
Microsoft Visual Studio Solution File, Format Version 12.00
# Visual Studio Version 16
VisualStudioVersion = 16.0.30517.126
MinimumVisualStudioVersion = 10.0.40219.1
Project("{FAE04EC0-301F-11D3-BF4B-00C04F79EFBC}") = "WarOfHeroesGameAPI", "WarOfHeroesGameAPI.csproj", "{B55F0DDF-A38D-4FDE-9CCF-BF3A50CF2121}"
EndProject
Global
	GlobalSection(SolutionConfigurationPlatforms) = preSolution
		Debug|Any CPU = Debug|Any CPU
		Release|Any CPU = Release|Any CPU
	EndGlobalSection
	GlobalSection(ProjectConfigurationPlatforms) = postSolution
		{B55F0DDF-A38D-4FDE-9CCF-BF3A50CF2121}.Debug|Any CPU.ActiveCfg = Debug|Any CPU
		{B55F0DDF-A38D-4FDE-9CCF-BF3A50CF2121}.Debug|Any CPU.Build.0 = Debug|Any CPU
		{B55F0DDF-A38D-4FDE-9CCF-BF3A50CF2121}.Release|Any CPU.ActiveCfg = Release|Any CPU
		{B55F0DDF-A38D-4FDE-9CCF-BF3A50CF2121}.Release|Any CPU.Build.0 = Release|Any CPU
	EndGlobalSection
	GlobalSection(SolutionProperties) = preSolution
		HideSolutionNode = FALSE
	EndGlobalSection
	GlobalSection(ExtensibilityGlobals) = postSolution
		SolutionGuid = {BFAB304B-7E40-4F78-9D9E-9AC76AA7F2EB}
	EndGlobalSection
EndGlobal
